---
description: Unlock server
enabled: true
entry_point: src/wrapper.py
name: server.unlock
parameters:
    base:
        default: server unlock
        description: null
        immutable: true
        required: false
        type: string
    ep:
        default: EntryPoint.parse('server_unlock = openstackclient.compute.v2.server:UnlockServer')
        description: null
        immutable: true
        required: false
        type: string
    server:
        description: !!python/unicode 'Server (name or ID)'
        immutable: false
        required: true
        type: string
runner_type: run-python
